
Microsoft Visual Studio Solution File, Format Version 12.00
# Visual Studio Version 16
VisualStudioVersion = 16.0.29306.81
MinimumVisualStudioVersion = 10.0.40219.1
Project("{FAE04EC0-301F-11D3-BF4B-00C04F79EFBC}") = "EshopServerApi", "EshopServerApi.csproj", "{DE4AF225-C467-48FA-A35D-13DD0D179D14}"
EndProject
Global
	GlobalSection(SolutionConfigurationPlatforms) = preSolution
		Debug|Any CPU = Debug|Any CPU
		Release|Any CPU = Release|Any CPU
	EndGlobalSection
	GlobalSection(ProjectConfigurationPlatforms) = postSolution
		{DE4AF225-C467-48FA-A35D-13DD0D179D14}.Debug|Any CPU.ActiveCfg = Debug|Any CPU
		{DE4AF225-C467-48FA-A35D-13DD0D179D14}.Debug|Any CPU.Build.0 = Debug|Any CPU
		{DE4AF225-C467-48FA-A35D-13DD0D179D14}.Release|Any CPU.ActiveCfg = Release|Any CPU
		{DE4AF225-C467-48FA-A35D-13DD0D179D14}.Release|Any CPU.Build.0 = Release|Any CPU
	EndGlobalSection
	GlobalSection(SolutionProperties) = preSolution
		HideSolutionNode = FALSE
	EndGlobalSection
	GlobalSection(ExtensibilityGlobals) = postSolution
		SolutionGuid = {EB930A99-F755-49E7-84E4-5E05D8CFD576}
	EndGlobalSection
EndGlobal
